// !$*UTF8*$!
{
	archiveVersion = 1;
	classes = {
	};
	objectVersion = 56;
	objects = {

/* Begin PBXBuildFile section */
		DD2D24142BFF9C5200C97F36 /* AppDelegate.swift in Sources */ = {isa = PBXBuildFile; fileRef = DD2D24132BFF9C5200C97F36 /* AppDelegate.swift */; };
		DD2D24182BFF9C5300C97F36 /* Assets.xcassets in Resources */ = {isa = PBXBuildFile; fileRef = DD2D24172BFF9C5300C97F36 /* Assets.xcassets */; };
		DD2D241B2BFF9C5300C97F36 /* Preview Assets.xcassets in Resources */ = {isa = PBXBuildFile; fileRef = DD2D241A2BFF9C5300C97F36 /* Preview Assets.xcassets */; };
		DD2D24252BFF9C5300C97F36 /* iOS_FitAITests.swift in Sources */ = {isa = PBXBuildFile; fileRef = DD2D24242BFF9C5300C97F36 /* iOS_FitAITests.swift */; };
		DD2D242F2BFF9C5300C97F36 /* iOS_FitAIUITests.swift in Sources */ = {isa = PBXBuildFile; fileRef = DD2D242E2BFF9C5300C97F36 /* iOS_FitAIUITests.swift */; };
		DD2D24312BFF9C5300C97F36 /* iOS_FitAIUITestsLaunchTests.swift in Sources */ = {isa = PBXBuildFile; fileRef = DD2D24302BFF9C5300C97F36 /* iOS_FitAIUITestsLaunchTests.swift */; };
		DD2D24422BFF9D9200C97F36 /* Coordinator.swift in Sources */ = {isa = PBXBuildFile; fileRef = DD2D24412BFF9D9200C97F36 /* Coordinator.swift */; };
		DD2D24442BFF9DF200C97F36 /* NavigationRouter.swift in Sources */ = {isa = PBXBuildFile; fileRef = DD2D24432BFF9DF200C97F36 /* NavigationRouter.swift */; };
		DD2D24462BFF9E1C00C97F36 /* NavigationTransitionStyle.swift in Sources */ = {isa = PBXBuildFile; fileRef = DD2D24452BFF9E1C00C97F36 /* NavigationTransitionStyle.swift */; };
		DD2D24492BFF9E4300C97F36 /* FlowRouter.swift in Sources */ = {isa = PBXBuildFile; fileRef = DD2D24482BFF9E4300C97F36 /* FlowRouter.swift */; };
		DD2D244B2BFF9EFF00C97F36 /* Network.swift in Sources */ = {isa = PBXBuildFile; fileRef = DD2D244A2BFF9EFF00C97F36 /* Network.swift */; };
		DD2D244F2BFF9F1900C97F36 /* SplashView.swift in Sources */ = {isa = PBXBuildFile; fileRef = DD2D244E2BFF9F1900C97F36 /* SplashView.swift */; };
		DD2D24562BFF9FC600C97F36 /* SceneDelegate.swift in Sources */ = {isa = PBXBuildFile; fileRef = DD2D24552BFF9FC600C97F36 /* SceneDelegate.swift */; };
		DD2D24582BFFA11300C97F36 /* PersonalInfosView.swift in Sources */ = {isa = PBXBuildFile; fileRef = DD2D24572BFFA11300C97F36 /* PersonalInfosView.swift */; };
		DD2D245A2BFFA1E200C97F36 /* PersonalInfosModel.swift in Sources */ = {isa = PBXBuildFile; fileRef = DD2D24592BFFA1E200C97F36 /* PersonalInfosModel.swift */; };
		DD2D245D2BFFA52E00C97F36 /* Utils.swift in Sources */ = {isa = PBXBuildFile; fileRef = DD2D245C2BFFA52E00C97F36 /* Utils.swift */; };
		DD2D245F2BFFA55300C97F36 /* Colors.xcassets in Resources */ = {isa = PBXBuildFile; fileRef = DD2D245E2BFFA55300C97F36 /* Colors.xcassets */; };
		DD2D24612BFFA56100C97F36 /* Icons.xcassets in Resources */ = {isa = PBXBuildFile; fileRef = DD2D24602BFFA56100C97F36 /* Icons.xcassets */; };
		DD2D24632BFFA5EE00C97F36 /* PersonalInfosViewModel.swift in Sources */ = {isa = PBXBuildFile; fileRef = DD2D24622BFFA5EE00C97F36 /* PersonalInfosViewModel.swift */; };
		DDEA0A032BFFADC300EEC4E6 /* GenderView.swift in Sources */ = {isa = PBXBuildFile; fileRef = DDEA0A022BFFADC300EEC4E6 /* GenderView.swift */; };
		DDEA0A0C2BFFB5A900EEC4E6 /* MFAIButton.swift in Sources */ = {isa = PBXBuildFile; fileRef = DDEA0A0B2BFFB5A900EEC4E6 /* MFAIButton.swift */; };
		DDEA0A0E2BFFB60700EEC4E6 /* MFAISingleSelectionView.swift in Sources */ = {isa = PBXBuildFile; fileRef = DDEA0A0D2BFFB60700EEC4E6 /* MFAISingleSelectionView.swift */; };
		DDEA0A102BFFB63300EEC4E6 /* MFAIPersonalInfosHeaderView.swift in Sources */ = {isa = PBXBuildFile; fileRef = DDEA0A0F2BFFB63300EEC4E6 /* MFAIPersonalInfosHeaderView.swift */; };
		DDEA0A122BFFBC0400EEC4E6 /* MFAITextField.swift in Sources */ = {isa = PBXBuildFile; fileRef = DDEA0A112BFFBC0400EEC4E6 /* MFAITextField.swift */; };
/* End PBXBuildFile section */

/* Begin PBXContainerItemProxy section */
		DD2D24212BFF9C5300C97F36 /* PBXContainerItemProxy */ = {
			isa = PBXContainerItemProxy;
			containerPortal = DD2D24082BFF9C5200C97F36 /* Project object */;
			proxyType = 1;
			remoteGlobalIDString = DD2D240F2BFF9C5200C97F36;
			remoteInfo = "iOS-FitAI";
		};
		DD2D242B2BFF9C5300C97F36 /* PBXContainerItemProxy */ = {
			isa = PBXContainerItemProxy;
			containerPortal = DD2D24082BFF9C5200C97F36 /* Project object */;
			proxyType = 1;
			remoteGlobalIDString = DD2D240F2BFF9C5200C97F36;
			remoteInfo = "iOS-FitAI";
		};
/* End PBXContainerItemProxy section */

/* Begin PBXFileReference section */
		DD2D24102BFF9C5200C97F36 /* iOS-FitAI.app */ = {isa = PBXFileReference; explicitFileType = wrapper.application; includeInIndex = 0; path = "iOS-FitAI.app"; sourceTree = BUILT_PRODUCTS_DIR; };
		DD2D24132BFF9C5200C97F36 /* AppDelegate.swift */ = {isa = PBXFileReference; lastKnownFileType = sourcecode.swift; path = AppDelegate.swift; sourceTree = "<group>"; };
		DD2D24172BFF9C5300C97F36 /* Assets.xcassets */ = {isa = PBXFileReference; lastKnownFileType = folder.assetcatalog; path = Assets.xcassets; sourceTree = "<group>"; };
		DD2D241A2BFF9C5300C97F36 /* Preview Assets.xcassets */ = {isa = PBXFileReference; lastKnownFileType = folder.assetcatalog; path = "Preview Assets.xcassets"; sourceTree = "<group>"; };
		DD2D24202BFF9C5300C97F36 /* iOS-FitAITests.xctest */ = {isa = PBXFileReference; explicitFileType = wrapper.cfbundle; includeInIndex = 0; path = "iOS-FitAITests.xctest"; sourceTree = BUILT_PRODUCTS_DIR; };
		DD2D24242BFF9C5300C97F36 /* iOS_FitAITests.swift */ = {isa = PBXFileReference; lastKnownFileType = sourcecode.swift; path = iOS_FitAITests.swift; sourceTree = "<group>"; };
		DD2D242A2BFF9C5300C97F36 /* iOS-FitAIUITests.xctest */ = {isa = PBXFileReference; explicitFileType = wrapper.cfbundle; includeInIndex = 0; path = "iOS-FitAIUITests.xctest"; sourceTree = BUILT_PRODUCTS_DIR; };
		DD2D242E2BFF9C5300C97F36 /* iOS_FitAIUITests.swift */ = {isa = PBXFileReference; lastKnownFileType = sourcecode.swift; path = iOS_FitAIUITests.swift; sourceTree = "<group>"; };
		DD2D24302BFF9C5300C97F36 /* iOS_FitAIUITestsLaunchTests.swift */ = {isa = PBXFileReference; lastKnownFileType = sourcecode.swift; path = iOS_FitAIUITestsLaunchTests.swift; sourceTree = "<group>"; };
		DD2D24412BFF9D9200C97F36 /* Coordinator.swift */ = {isa = PBXFileReference; lastKnownFileType = sourcecode.swift; path = Coordinator.swift; sourceTree = "<group>"; };
		DD2D24432BFF9DF200C97F36 /* NavigationRouter.swift */ = {isa = PBXFileReference; lastKnownFileType = sourcecode.swift; path = NavigationRouter.swift; sourceTree = "<group>"; };
		DD2D24452BFF9E1C00C97F36 /* NavigationTransitionStyle.swift */ = {isa = PBXFileReference; lastKnownFileType = sourcecode.swift; path = NavigationTransitionStyle.swift; sourceTree = "<group>"; };
		DD2D24482BFF9E4300C97F36 /* FlowRouter.swift */ = {isa = PBXFileReference; lastKnownFileType = sourcecode.swift; path = FlowRouter.swift; sourceTree = "<group>"; };
		DD2D244A2BFF9EFF00C97F36 /* Network.swift */ = {isa = PBXFileReference; lastKnownFileType = sourcecode.swift; path = Network.swift; sourceTree = "<group>"; };
		DD2D244E2BFF9F1900C97F36 /* SplashView.swift */ = {isa = PBXFileReference; lastKnownFileType = sourcecode.swift; path = SplashView.swift; sourceTree = "<group>"; };
		DD2D24552BFF9FC600C97F36 /* SceneDelegate.swift */ = {isa = PBXFileReference; lastKnownFileType = sourcecode.swift; path = SceneDelegate.swift; sourceTree = "<group>"; };
		DD2D24572BFFA11300C97F36 /* PersonalInfosView.swift */ = {isa = PBXFileReference; lastKnownFileType = sourcecode.swift; path = PersonalInfosView.swift; sourceTree = "<group>"; };
		DD2D24592BFFA1E200C97F36 /* PersonalInfosModel.swift */ = {isa = PBXFileReference; lastKnownFileType = sourcecode.swift; path = PersonalInfosModel.swift; sourceTree = "<group>"; };
		DD2D245C2BFFA52E00C97F36 /* Utils.swift */ = {isa = PBXFileReference; lastKnownFileType = sourcecode.swift; path = Utils.swift; sourceTree = "<group>"; };
		DD2D245E2BFFA55300C97F36 /* Colors.xcassets */ = {isa = PBXFileReference; lastKnownFileType = folder.assetcatalog; path = Colors.xcassets; sourceTree = "<group>"; };
		DD2D24602BFFA56100C97F36 /* Icons.xcassets */ = {isa = PBXFileReference; lastKnownFileType = folder.assetcatalog; path = Icons.xcassets; sourceTree = "<group>"; };
		DD2D24622BFFA5EE00C97F36 /* PersonalInfosViewModel.swift */ = {isa = PBXFileReference; lastKnownFileType = sourcecode.swift; path = PersonalInfosViewModel.swift; sourceTree = "<group>"; };
		DDEA0A022BFFADC300EEC4E6 /* GenderView.swift */ = {isa = PBXFileReference; lastKnownFileType = sourcecode.swift; path = GenderView.swift; sourceTree = "<group>"; };
		DDEA0A0B2BFFB5A900EEC4E6 /* MFAIButton.swift */ = {isa = PBXFileReference; lastKnownFileType = sourcecode.swift; path = MFAIButton.swift; sourceTree = "<group>"; };
		DDEA0A0D2BFFB60700EEC4E6 /* MFAISingleSelectionView.swift */ = {isa = PBXFileReference; lastKnownFileType = sourcecode.swift; path = MFAISingleSelectionView.swift; sourceTree = "<group>"; };
		DDEA0A0F2BFFB63300EEC4E6 /* MFAIPersonalInfosHeaderView.swift */ = {isa = PBXFileReference; lastKnownFileType = sourcecode.swift; path = MFAIPersonalInfosHeaderView.swift; sourceTree = "<group>"; };
		DDEA0A112BFFBC0400EEC4E6 /* MFAITextField.swift */ = {isa = PBXFileReference; lastKnownFileType = sourcecode.swift; path = MFAITextField.swift; sourceTree = "<group>"; };
/* End PBXFileReference section */

/* Begin PBXFrameworksBuildPhase section */
		DD2D240D2BFF9C5200C97F36 /* Frameworks */ = {
			isa = PBXFrameworksBuildPhase;
			buildActionMask = 2147483647;
			files = (
			);
			runOnlyForDeploymentPostprocessing = 0;
		};
		DD2D241D2BFF9C5300C97F36 /* Frameworks */ = {
			isa = PBXFrameworksBuildPhase;
			buildActionMask = 2147483647;
			files = (
			);
			runOnlyForDeploymentPostprocessing = 0;
		};
		DD2D24272BFF9C5300C97F36 /* Frameworks */ = {
			isa = PBXFrameworksBuildPhase;
			buildActionMask = 2147483647;
			files = (
			);
			runOnlyForDeploymentPostprocessing = 0;
		};
/* End PBXFrameworksBuildPhase section */

/* Begin PBXGroup section */
		DD2D24072BFF9C5200C97F36 = {
			isa = PBXGroup;
			children = (
				DD2D24122BFF9C5200C97F36 /* iOS-FitAI */,
				DD2D24232BFF9C5300C97F36 /* iOS-FitAITests */,
				DD2D242D2BFF9C5300C97F36 /* iOS-FitAIUITests */,
				DD2D24112BFF9C5200C97F36 /* Products */,
			);
			sourceTree = "<group>";
		};
		DD2D24112BFF9C5200C97F36 /* Products */ = {
			isa = PBXGroup;
			children = (
				DD2D24102BFF9C5200C97F36 /* iOS-FitAI.app */,
				DD2D24202BFF9C5300C97F36 /* iOS-FitAITests.xctest */,
				DD2D242A2BFF9C5300C97F36 /* iOS-FitAIUITests.xctest */,
			);
			name = Products;
			sourceTree = "<group>";
		};
		DD2D24122BFF9C5200C97F36 /* iOS-FitAI */ = {
			isa = PBXGroup;
			children = (
				DD2D245B2BFFA51A00C97F36 /* Resources */,
				DD2D24542BFF9FB900C97F36 /* Delegates */,
				DD2D24472BFF9E3500C97F36 /* Routers */,
				DD2D24402BFF9CE800C97F36 /* Network */,
				DD2D243F2BFF9CE200C97F36 /* Scene */,
				DD2D243E2BFF9CCF00C97F36 /* Coordinator */,
				DD2D243D2BFF9CC700C97F36 /* Utils */,
				DD2D24192BFF9C5300C97F36 /* Preview Content */,
			);
			path = "iOS-FitAI";
			sourceTree = "<group>";
		};
		DD2D24192BFF9C5300C97F36 /* Preview Content */ = {
			isa = PBXGroup;
			children = (
				DD2D241A2BFF9C5300C97F36 /* Preview Assets.xcassets */,
			);
			path = "Preview Content";
			sourceTree = "<group>";
		};
		DD2D24232BFF9C5300C97F36 /* iOS-FitAITests */ = {
			isa = PBXGroup;
			children = (
				DD2D24242BFF9C5300C97F36 /* iOS_FitAITests.swift */,
			);
			path = "iOS-FitAITests";
			sourceTree = "<group>";
		};
		DD2D242D2BFF9C5300C97F36 /* iOS-FitAIUITests */ = {
			isa = PBXGroup;
			children = (
				DD2D242E2BFF9C5300C97F36 /* iOS_FitAIUITests.swift */,
				DD2D24302BFF9C5300C97F36 /* iOS_FitAIUITestsLaunchTests.swift */,
			);
			path = "iOS-FitAIUITests";
			sourceTree = "<group>";
		};
		DD2D243D2BFF9CC700C97F36 /* Utils */ = {
			isa = PBXGroup;
			children = (
				DD2D245C2BFFA52E00C97F36 /* Utils.swift */,
			);
			path = Utils;
			sourceTree = "<group>";
		};
		DD2D243E2BFF9CCF00C97F36 /* Coordinator */ = {
			isa = PBXGroup;
			children = (
				DD2D24412BFF9D9200C97F36 /* Coordinator.swift */,
				DD2D24432BFF9DF200C97F36 /* NavigationRouter.swift */,
				DD2D24452BFF9E1C00C97F36 /* NavigationTransitionStyle.swift */,
			);
			path = Coordinator;
			sourceTree = "<group>";
		};
		DD2D243F2BFF9CE200C97F36 /* Scene */ = {
			isa = PBXGroup;
			children = (
				DDEA0A042BFFAE0200EEC4E6 /* Subviews */,
				DD2D24502BFF9F2700C97F36 /* PersonalInfos */,
				DD2D244C2BFF9F0700C97F36 /* Splash */,
			);
			path = Scene;
			sourceTree = "<group>";
		};
		DD2D24402BFF9CE800C97F36 /* Network */ = {
			isa = PBXGroup;
			children = (
				DD2D244A2BFF9EFF00C97F36 /* Network.swift */,
			);
			path = Network;
			sourceTree = "<group>";
		};
		DD2D24472BFF9E3500C97F36 /* Routers */ = {
			isa = PBXGroup;
			children = (
				DD2D24482BFF9E4300C97F36 /* FlowRouter.swift */,
			);
			path = Routers;
			sourceTree = "<group>";
		};
		DD2D244C2BFF9F0700C97F36 /* Splash */ = {
			isa = PBXGroup;
			children = (
				DD2D244D2BFF9F0F00C97F36 /* View */,
			);
			path = Splash;
			sourceTree = "<group>";
		};
		DD2D244D2BFF9F0F00C97F36 /* View */ = {
			isa = PBXGroup;
			children = (
				DD2D244E2BFF9F1900C97F36 /* SplashView.swift */,
			);
			path = View;
			sourceTree = "<group>";
		};
		DD2D24502BFF9F2700C97F36 /* PersonalInfos */ = {
			isa = PBXGroup;
			children = (
				DD2D24532BFF9F9F00C97F36 /* Model */,
				DD2D24522BFF9F9700C97F36 /* ViewModel */,
				DD2D24512BFF9F9300C97F36 /* View */,
			);
			path = PersonalInfos;
			sourceTree = "<group>";
		};
		DD2D24512BFF9F9300C97F36 /* View */ = {
			isa = PBXGroup;
			children = (
				DDEA0A002BFFAD8000EEC4E6 /* FlowViews */,
				DD2D24572BFFA11300C97F36 /* PersonalInfosView.swift */,
			);
			path = View;
			sourceTree = "<group>";
		};
		DD2D24522BFF9F9700C97F36 /* ViewModel */ = {
			isa = PBXGroup;
			children = (
				DD2D24622BFFA5EE00C97F36 /* PersonalInfosViewModel.swift */,
			);
			path = ViewModel;
			sourceTree = "<group>";
		};
		DD2D24532BFF9F9F00C97F36 /* Model */ = {
			isa = PBXGroup;
			children = (
				DD2D24592BFFA1E200C97F36 /* PersonalInfosModel.swift */,
			);
			path = Model;
			sourceTree = "<group>";
		};
		DD2D24542BFF9FB900C97F36 /* Delegates */ = {
			isa = PBXGroup;
			children = (
				DD2D24132BFF9C5200C97F36 /* AppDelegate.swift */,
				DD2D24552BFF9FC600C97F36 /* SceneDelegate.swift */,
			);
			path = Delegates;
			sourceTree = "<group>";
		};
		DD2D245B2BFFA51A00C97F36 /* Resources */ = {
			isa = PBXGroup;
			children = (
				DD2D24172BFF9C5300C97F36 /* Assets.xcassets */,
				DD2D245E2BFFA55300C97F36 /* Colors.xcassets */,
				DD2D24602BFFA56100C97F36 /* Icons.xcassets */,
			);
			path = Resources;
			sourceTree = "<group>";
		};
		DDEA0A002BFFAD8000EEC4E6 /* FlowViews */ = {
			isa = PBXGroup;
			children = (
				DDEA0A012BFFAD9500EEC4E6 /* Gender */,
			);
			path = FlowViews;
			sourceTree = "<group>";
		};
		DDEA0A012BFFAD9500EEC4E6 /* Gender */ = {
			isa = PBXGroup;
			children = (
				DDEA0A022BFFADC300EEC4E6 /* GenderView.swift */,
			);
			path = Gender;
			sourceTree = "<group>";
		};
		DDEA0A042BFFAE0200EEC4E6 /* Subviews */ = {
			isa = PBXGroup;
			children = (
				DDEA0A0B2BFFB5A900EEC4E6 /* MFAIButton.swift */,
				DDEA0A0D2BFFB60700EEC4E6 /* MFAISingleSelectionView.swift */,
				DDEA0A0F2BFFB63300EEC4E6 /* MFAIPersonalInfosHeaderView.swift */,
				DDEA0A112BFFBC0400EEC4E6 /* MFAITextField.swift */,
			);
			name = Subviews;
			path = PersonalInfos/View/Subviews;
			sourceTree = "<group>";
		};
/* End PBXGroup section */

/* Begin PBXNativeTarget section */
		DD2D240F2BFF9C5200C97F36 /* iOS-FitAI */ = {
			isa = PBXNativeTarget;
			buildConfigurationList = DD2D24342BFF9C5300C97F36 /* Build configuration list for PBXNativeTarget "iOS-FitAI" */;
			buildPhases = (
				DD2D240C2BFF9C5200C97F36 /* Sources */,
				DD2D240D2BFF9C5200C97F36 /* Frameworks */,
				DD2D240E2BFF9C5200C97F36 /* Resources */,
			);
			buildRules = (
			);
			dependencies = (
			);
			name = "iOS-FitAI";
			productName = "iOS-FitAI";
			productReference = DD2D24102BFF9C5200C97F36 /* iOS-FitAI.app */;
			productType = "com.apple.product-type.application";
		};
		DD2D241F2BFF9C5300C97F36 /* iOS-FitAITests */ = {
			isa = PBXNativeTarget;
			buildConfigurationList = DD2D24372BFF9C5300C97F36 /* Build configuration list for PBXNativeTarget "iOS-FitAITests" */;
			buildPhases = (
				DD2D241C2BFF9C5300C97F36 /* Sources */,
				DD2D241D2BFF9C5300C97F36 /* Frameworks */,
				DD2D241E2BFF9C5300C97F36 /* Resources */,
			);
			buildRules = (
			);
			dependencies = (
				DD2D24222BFF9C5300C97F36 /* PBXTargetDependency */,
			);
			name = "iOS-FitAITests";
			productName = "iOS-FitAITests";
			productReference = DD2D24202BFF9C5300C97F36 /* iOS-FitAITests.xctest */;
			productType = "com.apple.product-type.bundle.unit-test";
		};
		DD2D24292BFF9C5300C97F36 /* iOS-FitAIUITests */ = {
			isa = PBXNativeTarget;
			buildConfigurationList = DD2D243A2BFF9C5300C97F36 /* Build configuration list for PBXNativeTarget "iOS-FitAIUITests" */;
			buildPhases = (
				DD2D24262BFF9C5300C97F36 /* Sources */,
				DD2D24272BFF9C5300C97F36 /* Frameworks */,
				DD2D24282BFF9C5300C97F36 /* Resources */,
			);
			buildRules = (
			);
			dependencies = (
				DD2D242C2BFF9C5300C97F36 /* PBXTargetDependency */,
			);
			name = "iOS-FitAIUITests";
			productName = "iOS-FitAIUITests";
			productReference = DD2D242A2BFF9C5300C97F36 /* iOS-FitAIUITests.xctest */;
			productType = "com.apple.product-type.bundle.ui-testing";
		};
/* End PBXNativeTarget section */

/* Begin PBXProject section */
		DD2D24082BFF9C5200C97F36 /* Project object */ = {
			isa = PBXProject;
			attributes = {
				BuildIndependentTargetsInParallel = 1;
				LastSwiftUpdateCheck = 1540;
				LastUpgradeCheck = 1540;
				TargetAttributes = {
					DD2D240F2BFF9C5200C97F36 = {
						CreatedOnToolsVersion = 15.4;
					};
					DD2D241F2BFF9C5300C97F36 = {
						CreatedOnToolsVersion = 15.4;
						TestTargetID = DD2D240F2BFF9C5200C97F36;
					};
					DD2D24292BFF9C5300C97F36 = {
						CreatedOnToolsVersion = 15.4;
						TestTargetID = DD2D240F2BFF9C5200C97F36;
					};
				};
			};
			buildConfigurationList = DD2D240B2BFF9C5200C97F36 /* Build configuration list for PBXProject "iOS-FitAI" */;
			compatibilityVersion = "Xcode 14.0";
			developmentRegion = en;
			hasScannedForEncodings = 0;
			knownRegions = (
				en,
				Base,
			);
			mainGroup = DD2D24072BFF9C5200C97F36;
			productRefGroup = DD2D24112BFF9C5200C97F36 /* Products */;
			projectDirPath = "";
			projectRoot = "";
			targets = (
				DD2D240F2BFF9C5200C97F36 /* iOS-FitAI */,
				DD2D241F2BFF9C5300C97F36 /* iOS-FitAITests */,
				DD2D24292BFF9C5300C97F36 /* iOS-FitAIUITests */,
			);
		};
/* End PBXProject section */

/* Begin PBXResourcesBuildPhase section */
		DD2D240E2BFF9C5200C97F36 /* Resources */ = {
			isa = PBXResourcesBuildPhase;
			buildActionMask = 2147483647;
			files = (
				DD2D245F2BFFA55300C97F36 /* Colors.xcassets in Resources */,
				DD2D241B2BFF9C5300C97F36 /* Preview Assets.xcassets in Resources */,
				DD2D24612BFFA56100C97F36 /* Icons.xcassets in Resources */,
				DD2D24182BFF9C5300C97F36 /* Assets.xcassets in Resources */,
			);
			runOnlyForDeploymentPostprocessing = 0;
		};
		DD2D241E2BFF9C5300C97F36 /* Resources */ = {
			isa = PBXResourcesBuildPhase;
			buildActionMask = 2147483647;
			files = (
			);
			runOnlyForDeploymentPostprocessing = 0;
		};
		DD2D24282BFF9C5300C97F36 /* Resources */ = {
			isa = PBXResourcesBuildPhase;
			buildActionMask = 2147483647;
			files = (
			);
			runOnlyForDeploymentPostprocessing = 0;
		};
/* End PBXResourcesBuildPhase section */

/* Begin PBXSourcesBuildPhase section */
		DD2D240C2BFF9C5200C97F36 /* Sources */ = {
			isa = PBXSourcesBuildPhase;
			buildActionMask = 2147483647;
			files = (
				DD2D24462BFF9E1C00C97F36 /* NavigationTransitionStyle.swift in Sources */,
				DD2D24582BFFA11300C97F36 /* PersonalInfosView.swift in Sources */,
				DD2D244F2BFF9F1900C97F36 /* SplashView.swift in Sources */,
				DDEA0A102BFFB63300EEC4E6 /* MFAIPersonalInfosHeaderView.swift in Sources */,
				DD2D24142BFF9C5200C97F36 /* AppDelegate.swift in Sources */,
				DDEA0A0C2BFFB5A900EEC4E6 /* MFAIButton.swift in Sources */,
				DDEA0A032BFFADC300EEC4E6 /* GenderView.swift in Sources */,
				DDEA0A122BFFBC0400EEC4E6 /* MFAITextField.swift in Sources */,
				DD2D24442BFF9DF200C97F36 /* NavigationRouter.swift in Sources */,
				DD2D245A2BFFA1E200C97F36 /* PersonalInfosModel.swift in Sources */,
				DD2D24632BFFA5EE00C97F36 /* PersonalInfosViewModel.swift in Sources */,
				DD2D24492BFF9E4300C97F36 /* FlowRouter.swift in Sources */,
				DD2D245D2BFFA52E00C97F36 /* Utils.swift in Sources */,
				DD2D24562BFF9FC600C97F36 /* SceneDelegate.swift in Sources */,
				DDEA0A0E2BFFB60700EEC4E6 /* MFAISingleSelectionView.swift in Sources */,
				DD2D244B2BFF9EFF00C97F36 /* Network.swift in Sources */,
				DD2D24422BFF9D9200C97F36 /* Coordinator.swift in Sources */,
			);
			runOnlyForDeploymentPostprocessing = 0;
		};
		DD2D241C2BFF9C5300C97F36 /* Sources */ = {
			isa = PBXSourcesBuildPhase;
			buildActionMask = 2147483647;
			files = (
				DD2D24252BFF9C5300C97F36 /* iOS_FitAITests.swift in Sources */,
			);
			runOnlyForDeploymentPostprocessing = 0;
		};
		DD2D24262BFF9C5300C97F36 /* Sources */ = {
			isa = PBXSourcesBuildPhase;
			buildActionMask = 2147483647;
			files = (
				DD2D24312BFF9C5300C97F36 /* iOS_FitAIUITestsLaunchTests.swift in Sources */,
				DD2D242F2BFF9C5300C97F36 /* iOS_FitAIUITests.swift in Sources */,
			);
			runOnlyForDeploymentPostprocessing = 0;
		};
/* End PBXSourcesBuildPhase section */

/* Begin PBXTargetDependency section */
		DD2D24222BFF9C5300C97F36 /* PBXTargetDependency */ = {
			isa = PBXTargetDependency;
			target = DD2D240F2BFF9C5200C97F36 /* iOS-FitAI */;
			targetProxy = DD2D24212BFF9C5300C97F36 /* PBXContainerItemProxy */;
		};
		DD2D242C2BFF9C5300C97F36 /* PBXTargetDependency */ = {
			isa = PBXTargetDependency;
			target = DD2D240F2BFF9C5200C97F36 /* iOS-FitAI */;
			targetProxy = DD2D242B2BFF9C5300C97F36 /* PBXContainerItemProxy */;
		};
/* End PBXTargetDependency section */

/* Begin XCBuildConfiguration section */
		DD2D24322BFF9C5300C97F36 /* Debug */ = {
			isa = XCBuildConfiguration;
			buildSettings = {
				ALWAYS_SEARCH_USER_PATHS = NO;
				ASSETCATALOG_COMPILER_GENERATE_SWIFT_ASSET_SYMBOL_EXTENSIONS = YES;
				CLANG_ANALYZER_NONNULL = YES;
				CLANG_ANALYZER_NUMBER_OBJECT_CONVERSION = YES_AGGRESSIVE;
				CLANG_CXX_LANGUAGE_STANDARD = "gnu++20";
				CLANG_ENABLE_MODULES = YES;
				CLANG_ENABLE_OBJC_ARC = YES;
				CLANG_ENABLE_OBJC_WEAK = YES;
				CLANG_WARN_BLOCK_CAPTURE_AUTORELEASING = YES;
				CLANG_WARN_BOOL_CONVERSION = YES;
				CLANG_WARN_COMMA = YES;
				CLANG_WARN_CONSTANT_CONVERSION = YES;
				CLANG_WARN_DEPRECATED_OBJC_IMPLEMENTATIONS = YES;
				CLANG_WARN_DIRECT_OBJC_ISA_USAGE = YES_ERROR;
				CLANG_WARN_DOCUMENTATION_COMMENTS = YES;
				CLANG_WARN_EMPTY_BODY = YES;
				CLANG_WARN_ENUM_CONVERSION = YES;
				CLANG_WARN_INFINITE_RECURSION = YES;
				CLANG_WARN_INT_CONVERSION = YES;
				CLANG_WARN_NON_LITERAL_NULL_CONVERSION = YES;
				CLANG_WARN_OBJC_IMPLICIT_RETAIN_SELF = YES;
				CLANG_WARN_OBJC_LITERAL_CONVERSION = YES;
				CLANG_WARN_OBJC_ROOT_CLASS = YES_ERROR;
				CLANG_WARN_QUOTED_INCLUDE_IN_FRAMEWORK_HEADER = YES;
				CLANG_WARN_RANGE_LOOP_ANALYSIS = YES;
				CLANG_WARN_STRICT_PROTOTYPES = YES;
				CLANG_WARN_SUSPICIOUS_MOVE = YES;
				CLANG_WARN_UNGUARDED_AVAILABILITY = YES_AGGRESSIVE;
				CLANG_WARN_UNREACHABLE_CODE = YES;
				CLANG_WARN__DUPLICATE_METHOD_MATCH = YES;
				COPY_PHASE_STRIP = NO;
				DEBUG_INFORMATION_FORMAT = dwarf;
				ENABLE_STRICT_OBJC_MSGSEND = YES;
				ENABLE_TESTABILITY = YES;
				ENABLE_USER_SCRIPT_SANDBOXING = YES;
				GCC_C_LANGUAGE_STANDARD = gnu17;
				GCC_DYNAMIC_NO_PIC = NO;
				GCC_NO_COMMON_BLOCKS = YES;
				GCC_OPTIMIZATION_LEVEL = 0;
				GCC_PREPROCESSOR_DEFINITIONS = (
					"DEBUG=1",
					"$(inherited)",
				);
				GCC_WARN_64_TO_32_BIT_CONVERSION = YES;
				GCC_WARN_ABOUT_RETURN_TYPE = YES_ERROR;
				GCC_WARN_UNDECLARED_SELECTOR = YES;
				GCC_WARN_UNINITIALIZED_AUTOS = YES_AGGRESSIVE;
				GCC_WARN_UNUSED_FUNCTION = YES;
				GCC_WARN_UNUSED_VARIABLE = YES;
				IPHONEOS_DEPLOYMENT_TARGET = 17.5;
				LOCALIZATION_PREFERS_STRING_CATALOGS = YES;
				MTL_ENABLE_DEBUG_INFO = INCLUDE_SOURCE;
				MTL_FAST_MATH = YES;
				ONLY_ACTIVE_ARCH = YES;
				SDKROOT = iphoneos;
				SWIFT_ACTIVE_COMPILATION_CONDITIONS = "DEBUG $(inherited)";
				SWIFT_OPTIMIZATION_LEVEL = "-Onone";
			};
			name = Debug;
		};
		DD2D24332BFF9C5300C97F36 /* Release */ = {
			isa = XCBuildConfiguration;
			buildSettings = {
				ALWAYS_SEARCH_USER_PATHS = NO;
				ASSETCATALOG_COMPILER_GENERATE_SWIFT_ASSET_SYMBOL_EXTENSIONS = YES;
				CLANG_ANALYZER_NONNULL = YES;
				CLANG_ANALYZER_NUMBER_OBJECT_CONVERSION = YES_AGGRESSIVE;
				CLANG_CXX_LANGUAGE_STANDARD = "gnu++20";
				CLANG_ENABLE_MODULES = YES;
				CLANG_ENABLE_OBJC_ARC = YES;
				CLANG_ENABLE_OBJC_WEAK = YES;
				CLANG_WARN_BLOCK_CAPTURE_AUTORELEASING = YES;
				CLANG_WARN_BOOL_CONVERSION = YES;
				CLANG_WARN_COMMA = YES;
				CLANG_WARN_CONSTANT_CONVERSION = YES;
				CLANG_WARN_DEPRECATED_OBJC_IMPLEMENTATIONS = YES;
				CLANG_WARN_DIRECT_OBJC_ISA_USAGE = YES_ERROR;
				CLANG_WARN_DOCUMENTATION_COMMENTS = YES;
				CLANG_WARN_EMPTY_BODY = YES;
				CLANG_WARN_ENUM_CONVERSION = YES;
				CLANG_WARN_INFINITE_RECURSION = YES;
				CLANG_WARN_INT_CONVERSION = YES;
				CLANG_WARN_NON_LITERAL_NULL_CONVERSION = YES;
				CLANG_WARN_OBJC_IMPLICIT_RETAIN_SELF = YES;
				CLANG_WARN_OBJC_LITERAL_CONVERSION = YES;
				CLANG_WARN_OBJC_ROOT_CLASS = YES_ERROR;
				CLANG_WARN_QUOTED_INCLUDE_IN_FRAMEWORK_HEADER = YES;
				CLANG_WARN_RANGE_LOOP_ANALYSIS = YES;
				CLANG_WARN_STRICT_PROTOTYPES = YES;
				CLANG_WARN_SUSPICIOUS_MOVE = YES;
				CLANG_WARN_UNGUARDED_AVAILABILITY = YES_AGGRESSIVE;
				CLANG_WARN_UNREACHABLE_CODE = YES;
				CLANG_WARN__DUPLICATE_METHOD_MATCH = YES;
				COPY_PHASE_STRIP = NO;
				DEBUG_INFORMATION_FORMAT = "dwarf-with-dsym";
				ENABLE_NS_ASSERTIONS = NO;
				ENABLE_STRICT_OBJC_MSGSEND = YES;
				ENABLE_USER_SCRIPT_SANDBOXING = YES;
				GCC_C_LANGUAGE_STANDARD = gnu17;
				GCC_NO_COMMON_BLOCKS = YES;
				GCC_WARN_64_TO_32_BIT_CONVERSION = YES;
				GCC_WARN_ABOUT_RETURN_TYPE = YES_ERROR;
				GCC_WARN_UNDECLARED_SELECTOR = YES;
				GCC_WARN_UNINITIALIZED_AUTOS = YES_AGGRESSIVE;
				GCC_WARN_UNUSED_FUNCTION = YES;
				GCC_WARN_UNUSED_VARIABLE = YES;
				IPHONEOS_DEPLOYMENT_TARGET = 17.5;
				LOCALIZATION_PREFERS_STRING_CATALOGS = YES;
				MTL_ENABLE_DEBUG_INFO = NO;
				MTL_FAST_MATH = YES;
				SDKROOT = iphoneos;
				SWIFT_COMPILATION_MODE = wholemodule;
				VALIDATE_PRODUCT = YES;
			};
			name = Release;
		};
		DD2D24352BFF9C5300C97F36 /* Debug */ = {
			isa = XCBuildConfiguration;
			buildSettings = {
				ASSETCATALOG_COMPILER_APPICON_NAME = AppIcon;
				ASSETCATALOG_COMPILER_GLOBAL_ACCENT_COLOR_NAME = AccentColor;
				CODE_SIGN_STYLE = Automatic;
				CURRENT_PROJECT_VERSION = 1;
				DEVELOPMENT_ASSET_PATHS = "\"iOS-FitAI/Preview Content\"";
				DEVELOPMENT_TEAM = 7Y8QP7UN32;
				ENABLE_PREVIEWS = YES;
				GENERATE_INFOPLIST_FILE = YES;
				INFOPLIST_KEY_UIApplicationSceneManifest_Generation = YES;
				INFOPLIST_KEY_UIApplicationSupportsIndirectInputEvents = YES;
				INFOPLIST_KEY_UILaunchScreen_Generation = YES;
				INFOPLIST_KEY_UISupportedInterfaceOrientations_iPad = "UIInterfaceOrientationPortrait UIInterfaceOrientationPortraitUpsideDown UIInterfaceOrientationLandscapeLeft UIInterfaceOrientationLandscapeRight";
				INFOPLIST_KEY_UISupportedInterfaceOrientations_iPhone = "UIInterfaceOrientationPortrait UIInterfaceOrientationLandscapeLeft UIInterfaceOrientationLandscapeRight";
				LD_RUNPATH_SEARCH_PATHS = (
					"$(inherited)",
					"@executable_path/Frameworks",
				);
				MARKETING_VERSION = 1.0;
				PRODUCT_BUNDLE_IDENTIFIER = "com.mobven.iOS-FitAI";
				PRODUCT_NAME = "$(TARGET_NAME)";
				SWIFT_EMIT_LOC_STRINGS = YES;
				SWIFT_VERSION = 5.0;
				TARGETED_DEVICE_FAMILY = "1,2";
			};
			name = Debug;
		};
		DD2D24362BFF9C5300C97F36 /* Release */ = {
			isa = XCBuildConfiguration;
			buildSettings = {
				ASSETCATALOG_COMPILER_APPICON_NAME = AppIcon;
				ASSETCATALOG_COMPILER_GLOBAL_ACCENT_COLOR_NAME = AccentColor;
				CODE_SIGN_STYLE = Automatic;
				CURRENT_PROJECT_VERSION = 1;
				DEVELOPMENT_ASSET_PATHS = "\"iOS-FitAI/Preview Content\"";
				DEVELOPMENT_TEAM = 7Y8QP7UN32;
				ENABLE_PREVIEWS = YES;
				GENERATE_INFOPLIST_FILE = YES;
				INFOPLIST_KEY_UIApplicationSceneManifest_Generation = YES;
				INFOPLIST_KEY_UIApplicationSupportsIndirectInputEvents = YES;
				INFOPLIST_KEY_UILaunchScreen_Generation = YES;
				INFOPLIST_KEY_UISupportedInterfaceOrientations_iPad = "UIInterfaceOrientationPortrait UIInterfaceOrientationPortraitUpsideDown UIInterfaceOrientationLandscapeLeft UIInterfaceOrientationLandscapeRight";
				INFOPLIST_KEY_UISupportedInterfaceOrientations_iPhone = "UIInterfaceOrientationPortrait UIInterfaceOrientationLandscapeLeft UIInterfaceOrientationLandscapeRight";
				LD_RUNPATH_SEARCH_PATHS = (
					"$(inherited)",
					"@executable_path/Frameworks",
				);
				MARKETING_VERSION = 1.0;
				PRODUCT_BUNDLE_IDENTIFIER = "com.mobven.iOS-FitAI";
				PRODUCT_NAME = "$(TARGET_NAME)";
				SWIFT_EMIT_LOC_STRINGS = YES;
				SWIFT_VERSION = 5.0;
				TARGETED_DEVICE_FAMILY = "1,2";
			};
			name = Release;
		};
		DD2D24382BFF9C5300C97F36 /* Debug */ = {
			isa = XCBuildConfiguration;
			buildSettings = {
				ALWAYS_EMBED_SWIFT_STANDARD_LIBRARIES = YES;
				BUNDLE_LOADER = "$(TEST_HOST)";
				CODE_SIGN_STYLE = Automatic;
				CURRENT_PROJECT_VERSION = 1;
				DEVELOPMENT_TEAM = 7Y8QP7UN32;
				GENERATE_INFOPLIST_FILE = YES;
				IPHONEOS_DEPLOYMENT_TARGET = 17.5;
				MARKETING_VERSION = 1.0;
				PRODUCT_BUNDLE_IDENTIFIER = "com.mobven.iOS-FitAITests";
				PRODUCT_NAME = "$(TARGET_NAME)";
				SWIFT_EMIT_LOC_STRINGS = NO;
				SWIFT_VERSION = 5.0;
				TARGETED_DEVICE_FAMILY = "1,2";
				TEST_HOST = "$(BUILT_PRODUCTS_DIR)/iOS-FitAI.app/$(BUNDLE_EXECUTABLE_FOLDER_PATH)/iOS-FitAI";
			};
			name = Debug;
		};
		DD2D24392BFF9C5300C97F36 /* Release */ = {
			isa = XCBuildConfiguration;
			buildSettings = {
				ALWAYS_EMBED_SWIFT_STANDARD_LIBRARIES = YES;
				BUNDLE_LOADER = "$(TEST_HOST)";
				CODE_SIGN_STYLE = Automatic;
				CURRENT_PROJECT_VERSION = 1;
				DEVELOPMENT_TEAM = 7Y8QP7UN32;
				GENERATE_INFOPLIST_FILE = YES;
				IPHONEOS_DEPLOYMENT_TARGET = 17.5;
				MARKETING_VERSION = 1.0;
				PRODUCT_BUNDLE_IDENTIFIER = "com.mobven.iOS-FitAITests";
				PRODUCT_NAME = "$(TARGET_NAME)";
				SWIFT_EMIT_LOC_STRINGS = NO;
				SWIFT_VERSION = 5.0;
				TARGETED_DEVICE_FAMILY = "1,2";
				TEST_HOST = "$(BUILT_PRODUCTS_DIR)/iOS-FitAI.app/$(BUNDLE_EXECUTABLE_FOLDER_PATH)/iOS-FitAI";
			};
			name = Release;
		};
		DD2D243B2BFF9C5300C97F36 /* Debug */ = {
			isa = XCBuildConfiguration;
			buildSettings = {
				ALWAYS_EMBED_SWIFT_STANDARD_LIBRARIES = YES;
				CODE_SIGN_STYLE = Automatic;
				CURRENT_PROJECT_VERSION = 1;
				DEVELOPMENT_TEAM = 7Y8QP7UN32;
				GENERATE_INFOPLIST_FILE = YES;
				MARKETING_VERSION = 1.0;
				PRODUCT_BUNDLE_IDENTIFIER = "com.mobven.iOS-FitAIUITests";
				PRODUCT_NAME = "$(TARGET_NAME)";
				SWIFT_EMIT_LOC_STRINGS = NO;
				SWIFT_VERSION = 5.0;
				TARGETED_DEVICE_FAMILY = "1,2";
				TEST_TARGET_NAME = "iOS-FitAI";
			};
			name = Debug;
		};
		DD2D243C2BFF9C5300C97F36 /* Release */ = {
			isa = XCBuildConfiguration;
			buildSettings = {
				ALWAYS_EMBED_SWIFT_STANDARD_LIBRARIES = YES;
				CODE_SIGN_STYLE = Automatic;
				CURRENT_PROJECT_VERSION = 1;
				DEVELOPMENT_TEAM = 7Y8QP7UN32;
				GENERATE_INFOPLIST_FILE = YES;
				MARKETING_VERSION = 1.0;
				PRODUCT_BUNDLE_IDENTIFIER = "com.mobven.iOS-FitAIUITests";
				PRODUCT_NAME = "$(TARGET_NAME)";
				SWIFT_EMIT_LOC_STRINGS = NO;
				SWIFT_VERSION = 5.0;
				TARGETED_DEVICE_FAMILY = "1,2";
				TEST_TARGET_NAME = "iOS-FitAI";
			};
			name = Release;
		};
/* End XCBuildConfiguration section */

/* Begin XCConfigurationList section */
		DD2D240B2BFF9C5200C97F36 /* Build configuration list for PBXProject "iOS-FitAI" */ = {
			isa = XCConfigurationList;
			buildConfigurations = (
				DD2D24322BFF9C5300C97F36 /* Debug */,
				DD2D24332BFF9C5300C97F36 /* Release */,
			);
			defaultConfigurationIsVisible = 0;
			defaultConfigurationName = Release;
		};
		DD2D24342BFF9C5300C97F36 /* Build configuration list for PBXNativeTarget "iOS-FitAI" */ = {
			isa = XCConfigurationList;
			buildConfigurations = (
				DD2D24352BFF9C5300C97F36 /* Debug */,
				DD2D24362BFF9C5300C97F36 /* Release */,
			);
			defaultConfigurationIsVisible = 0;
			defaultConfigurationName = Release;
		};
		DD2D24372BFF9C5300C97F36 /* Build configuration list for PBXNativeTarget "iOS-FitAITests" */ = {
			isa = XCConfigurationList;
			buildConfigurations = (
				DD2D24382BFF9C5300C97F36 /* Debug */,
				DD2D24392BFF9C5300C97F36 /* Release */,
			);
			defaultConfigurationIsVisible = 0;
			defaultConfigurationName = Release;
		};
		DD2D243A2BFF9C5300C97F36 /* Build configuration list for PBXNativeTarget "iOS-FitAIUITests" */ = {
			isa = XCConfigurationList;
			buildConfigurations = (
				DD2D243B2BFF9C5300C97F36 /* Debug */,
				DD2D243C2BFF9C5300C97F36 /* Release */,
			);
			defaultConfigurationIsVisible = 0;
			defaultConfigurationName = Release;
		};
/* End XCConfigurationList section */
	};
	rootObject = DD2D24082BFF9C5200C97F36 /* Project object */;
}
